
Microsoft Visual Studio Solution File, Format Version 12.00
# Visual Studio Version 17
VisualStudioVersion = 17.7.34003.232
MinimumVisualStudioVersion = 10.0.40219.1
Project("{9A19103F-16F7-4668-BE54-9A1E7A4F7556}") = "gutenberg", "gutenberg.csproj", "{945E8FB1-E20C-4682-9662-5F9BF769328F}"
EndProject
Project("{FAE04EC0-301F-11D3-BF4B-00C04F79EFBC}") = "gutenbergTests", "..\gutenbergTests\gutenbergTests.csproj", "{4F87A9EE-60EC-4CE9-8BDD-671A33001352}"
EndProject
Global
	GlobalSection(SolutionConfigurationPlatforms) = preSolution
		Debug|Any CPU = Debug|Any CPU
		Release|Any CPU = Release|Any CPU
	EndGlobalSection
	GlobalSection(ProjectConfigurationPlatforms) = postSolution
		{945E8FB1-E20C-4682-9662-5F9BF769328F}.Debug|Any CPU.ActiveCfg = Debug|Any CPU
		{945E8FB1-E20C-4682-9662-5F9BF769328F}.Debug|Any CPU.Build.0 = Debug|Any CPU
		{945E8FB1-E20C-4682-9662-5F9BF769328F}.Release|Any CPU.ActiveCfg = Release|Any CPU
		{945E8FB1-E20C-4682-9662-5F9BF769328F}.Release|Any CPU.Build.0 = Release|Any CPU
		{4F87A9EE-60EC-4CE9-8BDD-671A33001352}.Debug|Any CPU.ActiveCfg = Debug|Any CPU
		{4F87A9EE-60EC-4CE9-8BDD-671A33001352}.Debug|Any CPU.Build.0 = Debug|Any CPU
		{4F87A9EE-60EC-4CE9-8BDD-671A33001352}.Release|Any CPU.ActiveCfg = Release|Any CPU
		{4F87A9EE-60EC-4CE9-8BDD-671A33001352}.Release|Any CPU.Build.0 = Release|Any CPU
	EndGlobalSection
	GlobalSection(SolutionProperties) = preSolution
		HideSolutionNode = FALSE
	EndGlobalSection
	GlobalSection(ExtensibilityGlobals) = postSolution
		SolutionGuid = {92BDB08C-5185-44D6-A44E-1E35C9E24502}
	EndGlobalSection
EndGlobal
